
Microsoft Visual Studio Solution File, Format Version 12.00
# Visual Studio Version 16
VisualStudioVersion = 16.0.29926.136
MinimumVisualStudioVersion = 10.0.40219.1
Project("{FAE04EC0-301F-11D3-BF4B-00C04F79EFBC}") = "prueba", "prueba\prueba.csproj", "{AB5E1546-7918-4A99-9D1D-300171522525}"
EndProject
Global
	GlobalSection(SolutionConfigurationPlatforms) = preSolution
		Debug|Any CPU = Debug|Any CPU
		Release|Any CPU = Release|Any CPU
	EndGlobalSection
	GlobalSection(ProjectConfigurationPlatforms) = postSolution
		{AB5E1546-7918-4A99-9D1D-300171522525}.Debug|Any CPU.ActiveCfg = Debug|Any CPU
		{AB5E1546-7918-4A99-9D1D-300171522525}.Debug|Any CPU.Build.0 = Debug|Any CPU
		{AB5E1546-7918-4A99-9D1D-300171522525}.Release|Any CPU.ActiveCfg = Release|Any CPU
		{AB5E1546-7918-4A99-9D1D-300171522525}.Release|Any CPU.Build.0 = Release|Any CPU
	EndGlobalSection
	GlobalSection(SolutionProperties) = preSolution
		HideSolutionNode = FALSE
	EndGlobalSection
	GlobalSection(ExtensibilityGlobals) = postSolution
		SolutionGuid = {0A73AF60-15CF-4C49-B0BC-E231F8ED229E}
	EndGlobalSection
EndGlobal
